
Microsoft Visual Studio Solution File, Format Version 12.00
# Visual Studio 15
VisualStudioVersion = 15.0.28307.645
MinimumVisualStudioVersion = 10.0.40219.1
Project("{9A19103F-16F7-4668-BE54-9A1E7A4F7556}") = "LL1", "LL1\LL1.csproj", "{AA571F0D-E13B-4C5C-9845-044EA8A627DD}"
EndProject
Global
	GlobalSection(SolutionConfigurationPlatforms) = preSolution
		Debug|Any CPU = Debug|Any CPU
		Release|Any CPU = Release|Any CPU
	EndGlobalSection
	GlobalSection(ProjectConfigurationPlatforms) = postSolution
		{AA571F0D-E13B-4C5C-9845-044EA8A627DD}.Debug|Any CPU.ActiveCfg = Debug|Any CPU
		{AA571F0D-E13B-4C5C-9845-044EA8A627DD}.Debug|Any CPU.Build.0 = Debug|Any CPU
		{AA571F0D-E13B-4C5C-9845-044EA8A627DD}.Release|Any CPU.ActiveCfg = Release|Any CPU
		{AA571F0D-E13B-4C5C-9845-044EA8A627DD}.Release|Any CPU.Build.0 = Release|Any CPU
	EndGlobalSection
	GlobalSection(SolutionProperties) = preSolution
		HideSolutionNode = FALSE
	EndGlobalSection
	GlobalSection(ExtensibilityGlobals) = postSolution
		SolutionGuid = {60FE13A3-E75B-4A28-8B55-AB6FCDEF01E4}
	EndGlobalSection
EndGlobal
